// !$*UTF8*$!
{
	archiveVersion = 1;
	classes = {
	};
	objectVersion = 50;
	objects = {

/* Begin PBXBuildFile section */
		4B2BA1EF214F507C0063C674 /* DropablePin.swift in Sources */ = {isa = PBXBuildFile; fileRef = 4B2BA1EE214F507C0063C674 /* DropablePin.swift */; };
		4B3E718721507693007F97EF /* PopVC.swift in Sources */ = {isa = PBXBuildFile; fileRef = 4B3E718621507693007F97EF /* PopVC.swift */; };
		4B3E7189215082BD007F97EF /* Extensions.swift in Sources */ = {isa = PBXBuildFile; fileRef = 4B3E7188215082BD007F97EF /* Extensions.swift */; };
		4BAD9E7F214F332C0016868B /* AppDelegate.swift in Sources */ = {isa = PBXBuildFile; fileRef = 4BAD9E7E214F332C0016868B /* AppDelegate.swift */; };
		4BAD9E81214F332C0016868B /* MapVC.swift in Sources */ = {isa = PBXBuildFile; fileRef = 4BAD9E80214F332C0016868B /* MapVC.swift */; };
		4BAD9E84214F332C0016868B /* Main.storyboard in Resources */ = {isa = PBXBuildFile; fileRef = 4BAD9E82214F332C0016868B /* Main.storyboard */; };
		4BAD9E86214F332D0016868B /* Assets.xcassets in Resources */ = {isa = PBXBuildFile; fileRef = 4BAD9E85214F332D0016868B /* Assets.xcassets */; };
		4BAD9E89214F332D0016868B /* LaunchScreen.storyboard in Resources */ = {isa = PBXBuildFile; fileRef = 4BAD9E87214F332D0016868B /* LaunchScreen.storyboard */; };
		4BC7E1DD214F607B0078F730 /* PhotoCell.swift in Sources */ = {isa = PBXBuildFile; fileRef = 4BC7E1DC214F607B0078F730 /* PhotoCell.swift */; };
		4BC7E1DF214F64AF0078F730 /* Constants.swift in Sources */ = {isa = PBXBuildFile; fileRef = 4BC7E1DE214F64AF0078F730 /* Constants.swift */; };
		DC3EDB3E33670972AF3215F0 /* Pods_pixel_city.framework in Frameworks */ = {isa = PBXBuildFile; fileRef = 63C60392951BF03BCAD5E564 /* Pods_pixel_city.framework */; };
/* End PBXBuildFile section */

/* Begin PBXFileReference section */
		4B2BA1EE214F507C0063C674 /* DropablePin.swift */ = {isa = PBXFileReference; lastKnownFileType = sourcecode.swift; path = DropablePin.swift; sourceTree = "<group>"; };
		4B3E718621507693007F97EF /* PopVC.swift */ = {isa = PBXFileReference; lastKnownFileType = sourcecode.swift; path = PopVC.swift; sourceTree = "<group>"; };
		4B3E7188215082BD007F97EF /* Extensions.swift */ = {isa = PBXFileReference; lastKnownFileType = sourcecode.swift; path = Extensions.swift; sourceTree = "<group>"; };
		4BAD9E7B214F332C0016868B /* pixel-city.app */ = {isa = PBXFileReference; explicitFileType = wrapper.application; includeInIndex = 0; path = "pixel-city.app"; sourceTree = BUILT_PRODUCTS_DIR; };
		4BAD9E7E214F332C0016868B /* AppDelegate.swift */ = {isa = PBXFileReference; lastKnownFileType = sourcecode.swift; path = AppDelegate.swift; sourceTree = "<group>"; };
		4BAD9E80214F332C0016868B /* MapVC.swift */ = {isa = PBXFileReference; lastKnownFileType = sourcecode.swift; path = MapVC.swift; sourceTree = "<group>"; };
		4BAD9E83214F332C0016868B /* Base */ = {isa = PBXFileReference; lastKnownFileType = file.storyboard; name = Base; path = Base.lproj/Main.storyboard; sourceTree = "<group>"; };
		4BAD9E85214F332D0016868B /* Assets.xcassets */ = {isa = PBXFileReference; lastKnownFileType = folder.assetcatalog; path = Assets.xcassets; sourceTree = "<group>"; };
		4BAD9E88214F332D0016868B /* Base */ = {isa = PBXFileReference; lastKnownFileType = file.storyboard; name = Base; path = Base.lproj/LaunchScreen.storyboard; sourceTree = "<group>"; };
		4BAD9E8A214F332D0016868B /* Info.plist */ = {isa = PBXFileReference; lastKnownFileType = text.plist.xml; path = Info.plist; sourceTree = "<group>"; };
		4BC7E1DC214F607B0078F730 /* PhotoCell.swift */ = {isa = PBXFileReference; lastKnownFileType = sourcecode.swift; path = PhotoCell.swift; sourceTree = "<group>"; };
		4BC7E1DE214F64AF0078F730 /* Constants.swift */ = {isa = PBXFileReference; lastKnownFileType = sourcecode.swift; path = Constants.swift; sourceTree = "<group>"; };
		63C60392951BF03BCAD5E564 /* Pods_pixel_city.framework */ = {isa = PBXFileReference; explicitFileType = wrapper.framework; includeInIndex = 0; path = Pods_pixel_city.framework; sourceTree = BUILT_PRODUCTS_DIR; };
		8B77817CF2C967367C52ABBD /* Pods-pixel-city.debug.xcconfig */ = {isa = PBXFileReference; includeInIndex = 1; lastKnownFileType = text.xcconfig; name = "Pods-pixel-city.debug.xcconfig"; path = "Pods/Target Support Files/Pods-pixel-city/Pods-pixel-city.debug.xcconfig"; sourceTree = "<group>"; };
		CDFF1E8577301B9845DE5BF2 /* Pods-pixel-city.release.xcconfig */ = {isa = PBXFileReference; includeInIndex = 1; lastKnownFileType = text.xcconfig; name = "Pods-pixel-city.release.xcconfig"; path = "Pods/Target Support Files/Pods-pixel-city/Pods-pixel-city.release.xcconfig"; sourceTree = "<group>"; };
/* End PBXFileReference section */

/* Begin PBXFrameworksBuildPhase section */
		4BAD9E78214F332C0016868B /* Frameworks */ = {
			isa = PBXFrameworksBuildPhase;
			buildActionMask = 2147483647;
			files = (
				DC3EDB3E33670972AF3215F0 /* Pods_pixel_city.framework in Frameworks */,
			);
			runOnlyForDeploymentPostprocessing = 0;
		};
/* End PBXFrameworksBuildPhase section */

/* Begin PBXGroup section */
		2281CF8EA712506AB06ACE0D /* Pods */ = {
			isa = PBXGroup;
			children = (
				8B77817CF2C967367C52ABBD /* Pods-pixel-city.debug.xcconfig */,
				CDFF1E8577301B9845DE5BF2 /* Pods-pixel-city.release.xcconfig */,
			);
			name = Pods;
			sourceTree = "<group>";
		};
		4BAD9E72214F332C0016868B = {
			isa = PBXGroup;
			children = (
				4BAD9E7D214F332C0016868B /* pixel-city */,
				4BAD9E7C214F332C0016868B /* Products */,
				2281CF8EA712506AB06ACE0D /* Pods */,
				B290A4AA05EAD8207AE54D1D /* Frameworks */,
			);
			sourceTree = "<group>";
		};
		4BAD9E7C214F332C0016868B /* Products */ = {
			isa = PBXGroup;
			children = (
				4BAD9E7B214F332C0016868B /* pixel-city.app */,
			);
			name = Products;
			sourceTree = "<group>";
		};
		4BAD9E7D214F332C0016868B /* pixel-city */ = {
			isa = PBXGroup;
			children = (
				4BAD9E92214F33610016868B /* Model */,
				4BAD9E91214F335C0016868B /* View */,
				4BAD9E90214F33550016868B /* Controller */,
				4BAD9E94214F337F0016868B /* Utilities */,
				4BAD9E93214F33740016868B /* Extensions */,
				4BAD9E7E214F332C0016868B /* AppDelegate.swift */,
				4BAD9E82214F332C0016868B /* Main.storyboard */,
				4BAD9E85214F332D0016868B /* Assets.xcassets */,
				4BAD9E87214F332D0016868B /* LaunchScreen.storyboard */,
				4BAD9E8A214F332D0016868B /* Info.plist */,
			);
			path = "pixel-city";
			sourceTree = "<group>";
		};
		4BAD9E90214F33550016868B /* Controller */ = {
			isa = PBXGroup;
			children = (
				4BAD9E80214F332C0016868B /* MapVC.swift */,
				4B3E718621507693007F97EF /* PopVC.swift */,
			);
			path = Controller;
			sourceTree = "<group>";
		};
		4BAD9E91214F335C0016868B /* View */ = {
			isa = PBXGroup;
			children = (
				4B2BA1EE214F507C0063C674 /* DropablePin.swift */,
				4BC7E1DC214F607B0078F730 /* PhotoCell.swift */,
			);
			path = View;
			sourceTree = "<group>";
		};
		4BAD9E92214F33610016868B /* Model */ = {
			isa = PBXGroup;
			children = (
			);
			path = Model;
			sourceTree = "<group>";
		};
		4BAD9E93214F33740016868B /* Extensions */ = {
			isa = PBXGroup;
			children = (
				4B3E7188215082BD007F97EF /* Extensions.swift */,
			);
			path = Extensions;
			sourceTree = "<group>";
		};
		4BAD9E94214F337F0016868B /* Utilities */ = {
			isa = PBXGroup;
			children = (
				4BC7E1DE214F64AF0078F730 /* Constants.swift */,
			);
			path = Utilities;
			sourceTree = "<group>";
		};
		B290A4AA05EAD8207AE54D1D /* Frameworks */ = {
			isa = PBXGroup;
			children = (
				63C60392951BF03BCAD5E564 /* Pods_pixel_city.framework */,
			);
			name = Frameworks;
			sourceTree = "<group>";
		};
/* End PBXGroup section */

/* Begin PBXNativeTarget section */
		4BAD9E7A214F332C0016868B /* pixel-city */ = {
			isa = PBXNativeTarget;
			buildConfigurationList = 4BAD9E8D214F332D0016868B /* Build configuration list for PBXNativeTarget "pixel-city" */;
			buildPhases = (
				9BA5862C93BAFB41D536185A /* [CP] Check Pods Manifest.lock */,
				4BAD9E77214F332C0016868B /* Sources */,
				4BAD9E78214F332C0016868B /* Frameworks */,
				4BAD9E79214F332C0016868B /* Resources */,
				C7358594EA4F85938D61A490 /* [CP] Embed Pods Frameworks */,
			);
			buildRules = (
			);
			dependencies = (
			);
			name = "pixel-city";
			productName = "pixcel-city";
			productReference = 4BAD9E7B214F332C0016868B /* pixel-city.app */;
			productType = "com.apple.product-type.application";
		};
/* End PBXNativeTarget section */

/* Begin PBXProject section */
		4BAD9E73214F332C0016868B /* Project object */ = {
			isa = PBXProject;
			attributes = {
				LastSwiftUpdateCheck = 1000;
				LastUpgradeCheck = 1000;
				ORGANIZATIONNAME = SP;
				TargetAttributes = {
					4BAD9E7A214F332C0016868B = {
						CreatedOnToolsVersion = 10.0;
					};
				};
			};
			buildConfigurationList = 4BAD9E76214F332C0016868B /* Build configuration list for PBXProject "pixel-city" */;
			compatibilityVersion = "Xcode 9.3";
			developmentRegion = en;
			hasScannedForEncodings = 0;
			knownRegions = (
				en,
				Base,
			);
			mainGroup = 4BAD9E72214F332C0016868B;
			productRefGroup = 4BAD9E7C214F332C0016868B /* Products */;
			projectDirPath = "";
			projectRoot = "";
			targets = (
				4BAD9E7A214F332C0016868B /* pixel-city */,
			);
		};
/* End PBXProject section */

/* Begin PBXResourcesBuildPhase section */
		4BAD9E79214F332C0016868B /* Resources */ = {
			isa = PBXResourcesBuildPhase;
			buildActionMask = 2147483647;
			files = (
				4BAD9E89214F332D0016868B /* LaunchScreen.storyboard in Resources */,
				4BAD9E86214F332D0016868B /* Assets.xcassets in Resources */,
				4BAD9E84214F332C0016868B /* Main.storyboard in Resources */,
			);
			runOnlyForDeploymentPostprocessing = 0;
		};
/* End PBXResourcesBuildPhase section */

/* Begin PBXShellScriptBuildPhase section */
		9BA5862C93BAFB41D536185A /* [CP] Check Pods Manifest.lock */ = {
			isa = PBXShellScriptBuildPhase;
			buildActionMask = 2147483647;
			files = (
			);
			inputPaths = (
				"${PODS_PODFILE_DIR_PATH}/Podfile.lock",
				"${PODS_ROOT}/Manifest.lock",
			);
			name = "[CP] Check Pods Manifest.lock";
			outputPaths = (
				"$(DERIVED_FILE_DIR)/Pods-pixel-city-checkManifestLockResult.txt",
			);
			runOnlyForDeploymentPostprocessing = 0;
			shellPath = /bin/sh;
			shellScript = "diff \"${PODS_PODFILE_DIR_PATH}/Podfile.lock\" \"${PODS_ROOT}/Manifest.lock\" > /dev/null\nif [ $? != 0 ] ; then\n    # print error to STDERR\n    echo \"error: The sandbox is not in sync with the Podfile.lock. Run 'pod install' or update your CocoaPods installation.\" >&2\n    exit 1\nfi\n# This output is used by Xcode 'outputs' to avoid re-running this script phase.\necho \"SUCCESS\" > \"${SCRIPT_OUTPUT_FILE_0}\"\n";
			showEnvVarsInLog = 0;
		};
		C7358594EA4F85938D61A490 /* [CP] Embed Pods Frameworks */ = {
			isa = PBXShellScriptBuildPhase;
			buildActionMask = 2147483647;
			files = (
			);
			inputPaths = (
				"${SRCROOT}/Pods/Target Support Files/Pods-pixel-city/Pods-pixel-city-frameworks.sh",
				"${BUILT_PRODUCTS_DIR}/Alamofire/Alamofire.framework",
				"${BUILT_PRODUCTS_DIR}/AlamofireImage/AlamofireImage.framework",
			);
			name = "[CP] Embed Pods Frameworks";
			outputPaths = (
				"${TARGET_BUILD_DIR}/${FRAMEWORKS_FOLDER_PATH}/Alamofire.framework",
				"${TARGET_BUILD_DIR}/${FRAMEWORKS_FOLDER_PATH}/AlamofireImage.framework",
			);
			runOnlyForDeploymentPostprocessing = 0;
			shellPath = /bin/sh;
			shellScript = "\"${SRCROOT}/Pods/Target Support Files/Pods-pixel-city/Pods-pixel-city-frameworks.sh\"\n";
			showEnvVarsInLog = 0;
		};
/* End PBXShellScriptBuildPhase section */

/* Begin PBXSourcesBuildPhase section */
		4BAD9E77214F332C0016868B /* Sources */ = {
			isa = PBXSourcesBuildPhase;
			buildActionMask = 2147483647;
			files = (
				4B3E718721507693007F97EF /* PopVC.swift in Sources */,
				4BC7E1DF214F64AF0078F730 /* Constants.swift in Sources */,
				4BC7E1DD214F607B0078F730 /* PhotoCell.swift in Sources */,
				4BAD9E81214F332C0016868B /* MapVC.swift in Sources */,
				4B2BA1EF214F507C0063C674 /* DropablePin.swift in Sources */,
				4BAD9E7F214F332C0016868B /* AppDelegate.swift in Sources */,
				4B3E7189215082BD007F97EF /* Extensions.swift in Sources */,
			);
			runOnlyForDeploymentPostprocessing = 0;
		};
/* End PBXSourcesBuildPhase section */

/* Begin PBXVariantGroup section */
		4BAD9E82214F332C0016868B /* Main.storyboard */ = {
			isa = PBXVariantGroup;
			children = (
				4BAD9E83214F332C0016868B /* Base */,
			);
			name = Main.storyboard;
			sourceTree = "<group>";
		};
		4BAD9E87214F332D0016868B /* LaunchScreen.storyboard */ = {
			isa = PBXVariantGroup;
			children = (
				4BAD9E88214F332D0016868B /* Base */,
			);
			name = LaunchScreen.storyboard;
			sourceTree = "<group>";
		};
/* End PBXVariantGroup section */

/* Begin XCBuildConfiguration section */
		4BAD9E8B214F332D0016868B /* Debug */ = {
			isa = XCBuildConfiguration;
			buildSettings = {
				ALWAYS_SEARCH_USER_PATHS = NO;
				CLANG_ANALYZER_NONNULL = YES;
				CLANG_ANALYZER_NUMBER_OBJECT_CONVERSION = YES_AGGRESSIVE;
				CLANG_CXX_LANGUAGE_STANDARD = "gnu++14";
				CLANG_CXX_LIBRARY = "libc++";
				CLANG_ENABLE_MODULES = YES;
				CLANG_ENABLE_OBJC_ARC = YES;
				CLANG_ENABLE_OBJC_WEAK = YES;
				CLANG_WARN_BLOCK_CAPTURE_AUTORELEASING = YES;
				CLANG_WARN_BOOL_CONVERSION = YES;
				CLANG_WARN_COMMA = YES;
				CLANG_WARN_CONSTANT_CONVERSION = YES;
				CLANG_WARN_DEPRECATED_OBJC_IMPLEMENTATIONS = YES;
				CLANG_WARN_DIRECT_OBJC_ISA_USAGE = YES_ERROR;
				CLANG_WARN_DOCUMENTATION_COMMENTS = YES;
				CLANG_WARN_EMPTY_BODY = YES;
				CLANG_WARN_ENUM_CONVERSION = YES;
				CLANG_WARN_INFINITE_RECURSION = YES;
				CLANG_WARN_INT_CONVERSION = YES;
				CLANG_WARN_NON_LITERAL_NULL_CONVERSION = YES;
				CLANG_WARN_OBJC_IMPLICIT_RETAIN_SELF = YES;
				CLANG_WARN_OBJC_LITERAL_CONVERSION = YES;
				CLANG_WARN_OBJC_ROOT_CLASS = YES_ERROR;
				CLANG_WARN_RANGE_LOOP_ANALYSIS = YES;
				CLANG_WARN_STRICT_PROTOTYPES = YES;
				CLANG_WARN_SUSPICIOUS_MOVE = YES;
				CLANG_WARN_UNGUARDED_AVAILABILITY = YES_AGGRESSIVE;
				CLANG_WARN_UNREACHABLE_CODE = YES;
				CLANG_WARN__DUPLICATE_METHOD_MATCH = YES;
				CODE_SIGN_IDENTITY = "iPhone Developer";
				COPY_PHASE_STRIP = NO;
				DEBUG_INFORMATION_FORMAT = dwarf;
				ENABLE_STRICT_OBJC_MSGSEND = YES;
				ENABLE_TESTABILITY = YES;
				GCC_C_LANGUAGE_STANDARD = gnu11;
				GCC_DYNAMIC_NO_PIC = NO;
				GCC_NO_COMMON_BLOCKS = YES;
				GCC_OPTIMIZATION_LEVEL = 0;
				GCC_PREPROCESSOR_DEFINITIONS = (
					"DEBUG=1",
					"$(inherited)",
				);
				GCC_WARN_64_TO_32_BIT_CONVERSION = YES;
				GCC_WARN_ABOUT_RETURN_TYPE = YES_ERROR;
				GCC_WARN_UNDECLARED_SELECTOR = YES;
				GCC_WARN_UNINITIALIZED_AUTOS = YES_AGGRESSIVE;
				GCC_WARN_UNUSED_FUNCTION = YES;
				GCC_WARN_UNUSED_VARIABLE = YES;
				IPHONEOS_DEPLOYMENT_TARGET = 12.0;
				MTL_ENABLE_DEBUG_INFO = INCLUDE_SOURCE;
				MTL_FAST_MATH = YES;
				ONLY_ACTIVE_ARCH = YES;
				SDKROOT = iphoneos;
				SWIFT_ACTIVE_COMPILATION_CONDITIONS = DEBUG;
				SWIFT_OPTIMIZATION_LEVEL = "-Onone";
			};
			name = Debug;
		};
		4BAD9E8C214F332D0016868B /* Release */ = {
			isa = XCBuildConfiguration;
			buildSettings = {
				ALWAYS_SEARCH_USER_PATHS = NO;
				CLANG_ANALYZER_NONNULL = YES;
				CLANG_ANALYZER_NUMBER_OBJECT_CONVERSION = YES_AGGRESSIVE;
				CLANG_CXX_LANGUAGE_STANDARD = "gnu++14";
				CLANG_CXX_LIBRARY = "libc++";
				CLANG_ENABLE_MODULES = YES;
				CLANG_ENABLE_OBJC_ARC = YES;
				CLANG_ENABLE_OBJC_WEAK = YES;
				CLANG_WARN_BLOCK_CAPTURE_AUTORELEASING = YES;
				CLANG_WARN_BOOL_CONVERSION = YES;
				CLANG_WARN_COMMA = YES;
				CLANG_WARN_CONSTANT_CONVERSION = YES;
				CLANG_WARN_DEPRECATED_OBJC_IMPLEMENTATIONS = YES;
				CLANG_WARN_DIRECT_OBJC_ISA_USAGE = YES_ERROR;
				CLANG_WARN_DOCUMENTATION_COMMENTS = YES;
				CLANG_WARN_EMPTY_BODY = YES;
				CLANG_WARN_ENUM_CONVERSION = YES;
				CLANG_WARN_INFINITE_RECURSION = YES;
				CLANG_WARN_INT_CONVERSION = YES;
				CLANG_WARN_NON_LITERAL_NULL_CONVERSION = YES;
				CLANG_WARN_OBJC_IMPLICIT_RETAIN_SELF = YES;
				CLANG_WARN_OBJC_LITERAL_CONVERSION = YES;
				CLANG_WARN_OBJC_ROOT_CLASS = YES_ERROR;
				CLANG_WARN_RANGE_LOOP_ANALYSIS = YES;
				CLANG_WARN_STRICT_PROTOTYPES = YES;
				CLANG_WARN_SUSPICIOUS_MOVE = YES;
				CLANG_WARN_UNGUARDED_AVAILABILITY = YES_AGGRESSIVE;
				CLANG_WARN_UNREACHABLE_CODE = YES;
				CLANG_WARN__DUPLICATE_METHOD_MATCH = YES;
				CODE_SIGN_IDENTITY = "iPhone Developer";
				COPY_PHASE_STRIP = NO;
				DEBUG_INFORMATION_FORMAT = "dwarf-with-dsym";
				ENABLE_NS_ASSERTIONS = NO;
				ENABLE_STRICT_OBJC_MSGSEND = YES;
				GCC_C_LANGUAGE_STANDARD = gnu11;
				GCC_NO_COMMON_BLOCKS = YES;
				GCC_WARN_64_TO_32_BIT_CONVERSION = YES;
				GCC_WARN_ABOUT_RETURN_TYPE = YES_ERROR;
				GCC_WARN_UNDECLARED_SELECTOR = YES;
				GCC_WARN_UNINITIALIZED_AUTOS = YES_AGGRESSIVE;
				GCC_WARN_UNUSED_FUNCTION = YES;
				GCC_WARN_UNUSED_VARIABLE = YES;
				IPHONEOS_DEPLOYMENT_TARGET = 12.0;
				MTL_ENABLE_DEBUG_INFO = NO;
				MTL_FAST_MATH = YES;
				SDKROOT = iphoneos;
				SWIFT_COMPILATION_MODE = wholemodule;
				SWIFT_OPTIMIZATION_LEVEL = "-O";
				VALIDATE_PRODUCT = YES;
			};
			name = Release;
		};
		4BAD9E8E214F332D0016868B /* Debug */ = {
			isa = XCBuildConfiguration;
			baseConfigurationReference = 8B77817CF2C967367C52ABBD /* Pods-pixel-city.debug.xcconfig */;
			buildSettings = {
				ASSETCATALOG_COMPILER_APPICON_NAME = AppIcon;
				CODE_SIGN_STYLE = Automatic;
				DEVELOPMENT_TEAM = RSG3Z2YJ33;
				INFOPLIST_FILE = "pixel-city/Info.plist";
				IPHONEOS_DEPLOYMENT_TARGET = 11.4;
				LD_RUNPATH_SEARCH_PATHS = (
					"$(inherited)",
					"@executable_path/Frameworks",
				);
				PRODUCT_BUNDLE_IDENTIFIER = "com.sp.pixel-city";
				PRODUCT_NAME = "$(TARGET_NAME)";
				SWIFT_VERSION = 4.2;
				TARGETED_DEVICE_FAMILY = "1,2";
			};
			name = Debug;
		};
		4BAD9E8F214F332D0016868B /* Release */ = {
			isa = XCBuildConfiguration;
			baseConfigurationReference = CDFF1E8577301B9845DE5BF2 /* Pods-pixel-city.release.xcconfig */;
			buildSettings = {
				ASSETCATALOG_COMPILER_APPICON_NAME = AppIcon;
				CODE_SIGN_STYLE = Automatic;
				DEVELOPMENT_TEAM = RSG3Z2YJ33;
				INFOPLIST_FILE = "pixel-city/Info.plist";
				IPHONEOS_DEPLOYMENT_TARGET = 11.4;
				LD_RUNPATH_SEARCH_PATHS = (
					"$(inherited)",
					"@executable_path/Frameworks",
				);
				PRODUCT_BUNDLE_IDENTIFIER = "com.sp.pixel-city";
				PRODUCT_NAME = "$(TARGET_NAME)";
				SWIFT_VERSION = 4.2;
				TARGETED_DEVICE_FAMILY = "1,2";
			};
			name = Release;
		};
/* End XCBuildConfiguration section */

/* Begin XCConfigurationList section */
		4BAD9E76214F332C0016868B /* Build configuration list for PBXProject "pixel-city" */ = {
			isa = XCConfigurationList;
			buildConfigurations = (
				4BAD9E8B214F332D0016868B /* Debug */,
				4BAD9E8C214F332D0016868B /* Release */,
			);
			defaultConfigurationIsVisible = 0;
			defaultConfigurationName = Release;
		};
		4BAD9E8D214F332D0016868B /* Build configuration list for PBXNativeTarget "pixel-city" */ = {
			isa = XCConfigurationList;
			buildConfigurations = (
				4BAD9E8E214F332D0016868B /* Debug */,
				4BAD9E8F214F332D0016868B /* Release */,
			);
			defaultConfigurationIsVisible = 0;
			defaultConfigurationName = Release;
		};
/* End XCConfigurationList section */
	};
	rootObject = 4BAD9E73214F332C0016868B /* Project object */;
}
